{
  "requires": true,
  "lockfileVersion": 1,
  "dependencies": {
    "react-native-floating-action": {
      "version": "1.19.1",
      "resolved": "https://registry.npmjs.org/react-native-floating-action/-/react-native-floating-action-1.19.1.tgz",
      "integrity": "sha512-6zgiCJyV63TOxpDKK+OxzhghMcBSn1Qhjb8p8TrfrUGAkzh7gQcmNN4ahq1CVbrN0ZpKhWET68WeifisYnQWyg=="
    }
  }
}
